
Microsoft Visual Studio Solution File, Format Version 12.00
# Visual Studio 15
VisualStudioVersion = 15.0.26124.0
MinimumVisualStudioVersion = 15.0.26124.0
Project("{2150E333-8FDC-42A3-9474-1A3956D46DE8}") = "src", "src", "{26B1B50F-75FB-465A-BFBE-FC15ECAB8747}"
EndProject
Project("{FAE04EC0-301F-11D3-BF4B-00C04F79EFBC}") = "Morabaraba", "src\Morabaraba\Morabaraba.csproj", "{9476D0CF-5748-431F-9C70-1AF017E0E8CC}"
EndProject
Project("{2150E333-8FDC-42A3-9474-1A3956D46DE8}") = "test", "test", "{88040AFA-A489-4E68-8416-F1822F958994}"
EndProject
Project("{FAE04EC0-301F-11D3-BF4B-00C04F79EFBC}") = "Morabaraba", "test\Morabaraba\Morabaraba.csproj", "{5D806F90-C8C3-4983-A0E0-81A9BB6E3742}"
EndProject
Global
	GlobalSection(SolutionConfigurationPlatforms) = preSolution
		Debug|Any CPU = Debug|Any CPU
		Debug|x64 = Debug|x64
		Debug|x86 = Debug|x86
		Release|Any CPU = Release|Any CPU
		Release|x64 = Release|x64
		Release|x86 = Release|x86
	EndGlobalSection
	GlobalSection(SolutionProperties) = preSolution
		HideSolutionNode = FALSE
	EndGlobalSection
	GlobalSection(ProjectConfigurationPlatforms) = postSolution
		{9476D0CF-5748-431F-9C70-1AF017E0E8CC}.Debug|Any CPU.ActiveCfg = Debug|Any CPU
		{9476D0CF-5748-431F-9C70-1AF017E0E8CC}.Debug|Any CPU.Build.0 = Debug|Any CPU
		{9476D0CF-5748-431F-9C70-1AF017E0E8CC}.Debug|x64.ActiveCfg = Debug|x64
		{9476D0CF-5748-431F-9C70-1AF017E0E8CC}.Debug|x64.Build.0 = Debug|x64
		{9476D0CF-5748-431F-9C70-1AF017E0E8CC}.Debug|x86.ActiveCfg = Debug|x86
		{9476D0CF-5748-431F-9C70-1AF017E0E8CC}.Debug|x86.Build.0 = Debug|x86
		{9476D0CF-5748-431F-9C70-1AF017E0E8CC}.Release|Any CPU.ActiveCfg = Release|Any CPU
		{9476D0CF-5748-431F-9C70-1AF017E0E8CC}.Release|Any CPU.Build.0 = Release|Any CPU
		{9476D0CF-5748-431F-9C70-1AF017E0E8CC}.Release|x64.ActiveCfg = Release|x64
		{9476D0CF-5748-431F-9C70-1AF017E0E8CC}.Release|x64.Build.0 = Release|x64
		{9476D0CF-5748-431F-9C70-1AF017E0E8CC}.Release|x86.ActiveCfg = Release|x86
		{9476D0CF-5748-431F-9C70-1AF017E0E8CC}.Release|x86.Build.0 = Release|x86
		{5D806F90-C8C3-4983-A0E0-81A9BB6E3742}.Debug|Any CPU.ActiveCfg = Debug|Any CPU
		{5D806F90-C8C3-4983-A0E0-81A9BB6E3742}.Debug|Any CPU.Build.0 = Debug|Any CPU
		{5D806F90-C8C3-4983-A0E0-81A9BB6E3742}.Debug|x64.ActiveCfg = Debug|x64
		{5D806F90-C8C3-4983-A0E0-81A9BB6E3742}.Debug|x64.Build.0 = Debug|x64
		{5D806F90-C8C3-4983-A0E0-81A9BB6E3742}.Debug|x86.ActiveCfg = Debug|x86
		{5D806F90-C8C3-4983-A0E0-81A9BB6E3742}.Debug|x86.Build.0 = Debug|x86
		{5D806F90-C8C3-4983-A0E0-81A9BB6E3742}.Release|Any CPU.ActiveCfg = Release|Any CPU
		{5D806F90-C8C3-4983-A0E0-81A9BB6E3742}.Release|Any CPU.Build.0 = Release|Any CPU
		{5D806F90-C8C3-4983-A0E0-81A9BB6E3742}.Release|x64.ActiveCfg = Release|x64
		{5D806F90-C8C3-4983-A0E0-81A9BB6E3742}.Release|x64.Build.0 = Release|x64
		{5D806F90-C8C3-4983-A0E0-81A9BB6E3742}.Release|x86.ActiveCfg = Release|x86
		{5D806F90-C8C3-4983-A0E0-81A9BB6E3742}.Release|x86.Build.0 = Release|x86
	EndGlobalSection
	GlobalSection(NestedProjects) = preSolution
		{9476D0CF-5748-431F-9C70-1AF017E0E8CC} = {26B1B50F-75FB-465A-BFBE-FC15ECAB8747}
		{5D806F90-C8C3-4983-A0E0-81A9BB6E3742} = {88040AFA-A489-4E68-8416-F1822F958994}
	EndGlobalSection
EndGlobal
